Microsoft Visual Studio Solution File, Format Version 12.00
# Visual Studio Version 16
VisualStudioVersion = 16.0.0.0
MinimumVisualStudioVersion = 16.0.0.0
Project("{9A19103F-16F7-4668-BE54-9A1E7A4F7556}") = "Specme.Server", "Server\Specme.Server.csproj", "{FCA39D3A-9408-489E-9BC4-3AF8E497C760}"
EndProject
Project("{9A19103F-16F7-4668-BE54-9A1E7A4F7556}") = "Specme.Client", "Client\Specme.Client.csproj", "{9B04BB10-ACF7-46FA-A8E6-035EC06D2B0F}"
EndProject
Project("{9A19103F-16F7-4668-BE54-9A1E7A4F7556}") = "Specme.Shared", "Shared\Specme.Shared.csproj", "{E8387CCD-8D63-435A-B446-B04B18258C3A}"
EndProject
Project("{2150E333-8FDC-42A3-9474-1A3956D46DE8}") = "Tests", "Tests", "{165CED94-3B01-48E9-A614-A2337330B62A}"
EndProject
Project("{FAE04EC0-301F-11D3-BF4B-00C04F79EFBC}") = "Specme.UnitTests", "Specme.UnitTests\Specme.UnitTests.csproj", "{9677FBD2-55DA-4F41-A120-CF8376587B70}"
EndProject
Global
	GlobalSection(SolutionConfigurationPlatforms) = preSolution
		Debug|Any CPU = Debug|Any CPU
		Debug|x64 = Debug|x64
		Debug|x86 = Debug|x86
		Release|Any CPU = Release|Any CPU
		Release|x64 = Release|x64
		Release|x86 = Release|x86
	EndGlobalSection
	GlobalSection(ProjectConfigurationPlatforms) = postSolution
		{FCA39D3A-9408-489E-9BC4-3AF8E497C760}.Debug|Any CPU.ActiveCfg = Debug|Any CPU
		{FCA39D3A-9408-489E-9BC4-3AF8E497C760}.Debug|Any CPU.Build.0 = Debug|Any CPU
		{FCA39D3A-9408-489E-9BC4-3AF8E497C760}.Debug|x64.ActiveCfg = Debug|Any CPU
		{FCA39D3A-9408-489E-9BC4-3AF8E497C760}.Debug|x64.Build.0 = Debug|Any CPU
		{FCA39D3A-9408-489E-9BC4-3AF8E497C760}.Debug|x86.ActiveCfg = Debug|Any CPU
		{FCA39D3A-9408-489E-9BC4-3AF8E497C760}.Debug|x86.Build.0 = Debug|Any CPU
		{FCA39D3A-9408-489E-9BC4-3AF8E497C760}.Release|Any CPU.ActiveCfg = Release|Any CPU
		{FCA39D3A-9408-489E-9BC4-3AF8E497C760}.Release|Any CPU.Build.0 = Release|Any CPU
		{FCA39D3A-9408-489E-9BC4-3AF8E497C760}.Release|x64.ActiveCfg = Release|Any CPU
		{FCA39D3A-9408-489E-9BC4-3AF8E497C760}.Release|x64.Build.0 = Release|Any CPU
		{FCA39D3A-9408-489E-9BC4-3AF8E497C760}.Release|x86.ActiveCfg = Release|Any CPU
		{FCA39D3A-9408-489E-9BC4-3AF8E497C760}.Release|x86.Build.0 = Release|Any CPU
		{9B04BB10-ACF7-46FA-A8E6-035EC06D2B0F}.Debug|Any CPU.ActiveCfg = Debug|Any CPU
		{9B04BB10-ACF7-46FA-A8E6-035EC06D2B0F}.Debug|Any CPU.Build.0 = Debug|Any CPU
		{9B04BB10-ACF7-46FA-A8E6-035EC06D2B0F}.Debug|x64.ActiveCfg = Debug|Any CPU
		{9B04BB10-ACF7-46FA-A8E6-035EC06D2B0F}.Debug|x64.Build.0 = Debug|Any CPU
		{9B04BB10-ACF7-46FA-A8E6-035EC06D2B0F}.Debug|x86.ActiveCfg = Debug|Any CPU
		{9B04BB10-ACF7-46FA-A8E6-035EC06D2B0F}.Debug|x86.Build.0 = Debug|Any CPU
		{9B04BB10-ACF7-46FA-A8E6-035EC06D2B0F}.Release|Any CPU.ActiveCfg = Release|Any CPU
		{9B04BB10-ACF7-46FA-A8E6-035EC06D2B0F}.Release|Any CPU.Build.0 = Release|Any CPU
		{9B04BB10-ACF7-46FA-A8E6-035EC06D2B0F}.Release|x64.ActiveCfg = Release|Any CPU
		{9B04BB10-ACF7-46FA-A8E6-035EC06D2B0F}.Release|x64.Build.0 = Release|Any CPU
		{9B04BB10-ACF7-46FA-A8E6-035EC06D2B0F}.Release|x86.ActiveCfg = Release|Any CPU
		{9B04BB10-ACF7-46FA-A8E6-035EC06D2B0F}.Release|x86.Build.0 = Release|Any CPU
		{E8387CCD-8D63-435A-B446-B04B18258C3A}.Debug|Any CPU.ActiveCfg = Debug|Any CPU
		{E8387CCD-8D63-435A-B446-B04B18258C3A}.Debug|Any CPU.Build.0 = Debug|Any CPU
		{E8387CCD-8D63-435A-B446-B04B18258C3A}.Debug|x64.ActiveCfg = Debug|Any CPU
		{E8387CCD-8D63-435A-B446-B04B18258C3A}.Debug|x64.Build.0 = Debug|Any CPU
		{E8387CCD-8D63-435A-B446-B04B18258C3A}.Debug|x86.ActiveCfg = Debug|Any CPU
		{E8387CCD-8D63-435A-B446-B04B18258C3A}.Debug|x86.Build.0 = Debug|Any CPU
		{E8387CCD-8D63-435A-B446-B04B18258C3A}.Release|Any CPU.ActiveCfg = Release|Any CPU
		{E8387CCD-8D63-435A-B446-B04B18258C3A}.Release|Any CPU.Build.0 = Release|Any CPU
		{E8387CCD-8D63-435A-B446-B04B18258C3A}.Release|x64.ActiveCfg = Release|Any CPU
		{E8387CCD-8D63-435A-B446-B04B18258C3A}.Release|x64.Build.0 = Release|Any CPU
		{E8387CCD-8D63-435A-B446-B04B18258C3A}.Release|x86.ActiveCfg = Release|Any CPU
		{E8387CCD-8D63-435A-B446-B04B18258C3A}.Release|x86.Build.0 = Release|Any CPU
		{9677FBD2-55DA-4F41-A120-CF8376587B70}.Debug|Any CPU.ActiveCfg = Debug|Any CPU
		{9677FBD2-55DA-4F41-A120-CF8376587B70}.Debug|Any CPU.Build.0 = Debug|Any CPU
		{9677FBD2-55DA-4F41-A120-CF8376587B70}.Debug|x64.ActiveCfg = Debug|Any CPU
		{9677FBD2-55DA-4F41-A120-CF8376587B70}.Debug|x64.Build.0 = Debug|Any CPU
		{9677FBD2-55DA-4F41-A120-CF8376587B70}.Debug|x86.ActiveCfg = Debug|Any CPU
		{9677FBD2-55DA-4F41-A120-CF8376587B70}.Debug|x86.Build.0 = Debug|Any CPU
		{9677FBD2-55DA-4F41-A120-CF8376587B70}.Release|Any CPU.ActiveCfg = Release|Any CPU
		{9677FBD2-55DA-4F41-A120-CF8376587B70}.Release|Any CPU.Build.0 = Release|Any CPU
		{9677FBD2-55DA-4F41-A120-CF8376587B70}.Release|x64.ActiveCfg = Release|Any CPU
		{9677FBD2-55DA-4F41-A120-CF8376587B70}.Release|x64.Build.0 = Release|Any CPU
		{9677FBD2-55DA-4F41-A120-CF8376587B70}.Release|x86.ActiveCfg = Release|Any CPU
		{9677FBD2-55DA-4F41-A120-CF8376587B70}.Release|x86.Build.0 = Release|Any CPU
	EndGlobalSection
	GlobalSection(SolutionProperties) = preSolution
		HideSolutionNode = FALSE
	EndGlobalSection
	GlobalSection(NestedProjects) = preSolution
		{9677FBD2-55DA-4F41-A120-CF8376587B70} = {165CED94-3B01-48E9-A614-A2337330B62A}
	EndGlobalSection
	GlobalSection(ExtensibilityGlobals) = postSolution
		SolutionGuid = {0EE523CF-F9BE-4E47-85CB-11474C23B59F}
	EndGlobalSection
EndGlobal
